Microsoft Visual Studio Solution File, Format Version 12.00
# Visual Studio Version 17
VisualStudioVersion = 17.5.2.0
MinimumVisualStudioVersion = 10.0.40219.1
Project("{FAE04EC0-301F-11D3-BF4B-00C04F79EFBC}") = "AzureFunctions", "provider_azure_function\AzureFunctions.csproj", "{407DB5C9-98A5-199D-C395-7F1B314C2E1E}"
EndProject
Global
	GlobalSection(SolutionConfigurationPlatforms) = preSolution
		Debug|Any CPU = Debug|Any CPU
		Release|Any CPU = Release|Any CPU
	EndGlobalSection
	GlobalSection(ProjectConfigurationPlatforms) = postSolution
		{407DB5C9-98A5-199D-C395-7F1B314C2E1E}.Debug|Any CPU.ActiveCfg = Debug|Any CPU
		{407DB5C9-98A5-199D-C395-7F1B314C2E1E}.Debug|Any CPU.Build.0 = Debug|Any CPU
		{407DB5C9-98A5-199D-C395-7F1B314C2E1E}.Release|Any CPU.ActiveCfg = Release|Any CPU
		{407DB5C9-98A5-199D-C395-7F1B314C2E1E}.Release|Any CPU.Build.0 = Release|Any CPU
	EndGlobalSection
	GlobalSection(SolutionProperties) = preSolution
		HideSolutionNode = FALSE
	EndGlobalSection
	GlobalSection(ExtensibilityGlobals) = postSolution
		SolutionGuid = {32267EC2-7B11-4018-9E2E-03ABE34A51C2}
	EndGlobalSection
EndGlobal
